
Microsoft Visual Studio Solution File, Format Version 12.00
# Visual Studio Version 17
VisualStudioVersion = 17.1.32210.238
MinimumVisualStudioVersion = 10.0.40219.1
Project("{8BC9CEB8-8B4A-11D0-8D11-00A0C91BC942}") = "练习一", "练习一\练习一.vcxproj", "{5173EDBA-D8FD-41CE-97D7-22EC462A9008}"
EndProject
Global
	GlobalSection(SolutionConfigurationPlatforms) = preSolution
		Debug|x64 = Debug|x64
		Debug|x86 = Debug|x86
		Release|x64 = Release|x64
		Release|x86 = Release|x86
	EndGlobalSection
	GlobalSection(ProjectConfigurationPlatforms) = postSolution
		{5173EDBA-D8FD-41CE-97D7-22EC462A9008}.Debug|x64.ActiveCfg = Debug|x64
		{5173EDBA-D8FD-41CE-97D7-22EC462A9008}.Debug|x64.Build.0 = Debug|x64
		{5173EDBA-D8FD-41CE-97D7-22EC462A9008}.Debug|x86.ActiveCfg = Debug|Win32
		{5173EDBA-D8FD-41CE-97D7-22EC462A9008}.Debug|x86.Build.0 = Debug|Win32
		{5173EDBA-D8FD-41CE-97D7-22EC462A9008}.Release|x64.ActiveCfg = Release|x64
		{5173EDBA-D8FD-41CE-97D7-22EC462A9008}.Release|x64.Build.0 = Release|x64
		{5173EDBA-D8FD-41CE-97D7-22EC462A9008}.Release|x86.ActiveCfg = Release|Win32
		{5173EDBA-D8FD-41CE-97D7-22EC462A9008}.Release|x86.Build.0 = Release|Win32
	EndGlobalSection
	GlobalSection(SolutionProperties) = preSolution
		HideSolutionNode = FALSE
	EndGlobalSection
	GlobalSection(ExtensibilityGlobals) = postSolution
		SolutionGuid = {E902B997-AE0B-41B2-88D0-EF66FF9E055E}
	EndGlobalSection
EndGlobal
